{
  "name": "ziyu",
  "version": "1.0.0",
  "lockfileVersion": 1,
  "requires": true,
  "dependencies": {
    "match-words": {
      "version": "0.1.1",
      "resolved": "https://registry.npmjs.org/match-words/-/match-words-0.1.1.tgz",
      "integrity": "sha1-3NMRnnSmpnvkMEylz5JlgOjhp68=",
      "requires": {
        "word-regex": "^0.1.0"
      }
    },
    "word-regex": {
      "version": "0.1.2",
      "resolved": "https://registry.npmjs.org/word-regex/-/word-regex-0.1.2.tgz",
      "integrity": "sha1-o7x/LSIs5Kk8JGw+9pRY9h9RFjk="
    },
    "wordcount": {
      "version": "1.1.1",
      "resolved": "https://registry.npmjs.org/wordcount/-/wordcount-1.1.1.tgz",
      "integrity": "sha1-5y2ngzkE2HChVMnvR+1fPnmXz1c=",
      "requires": {
        "match-words": "^0.1.0"
      }
    }
  }
}
